
Microsoft Visual Studio Solution File, Format Version 12.00
# Visual Studio 14
VisualStudioVersion = 14.0.25420.1
MinimumVisualStudioVersion = 10.0.40219.1
Project("{8BC9CEB8-8B4A-11D0-8D11-00A0C91BC942}") = "YIFI", "YIFI\YIFI.vcxproj", "{E7E1AB15-1A4F-4BC6-8241-6B4800AFFF60}"
	ProjectSection(ProjectDependencies) = postProject
		{C4FFD118-F573-4230-9A55-7280091D32AE} = {C4FFD118-F573-4230-9A55-7280091D32AE}
	EndProjectSection
EndProject
Project("{8BC9CEB8-8B4A-11D0-8D11-00A0C91BC942}") = "WonderWallDll", "WonderWallDll\WonderWallDll.vcxproj", "{C4FFD118-F573-4230-9A55-7280091D32AE}"
EndProject
Project("{8BC9CEB8-8B4A-11D0-8D11-00A0C91BC942}") = "WonderWallDriver", "WonderWallDriver\WonderWallDriver.vcxproj", "{2CC38C65-8D2D-4989-93C4-22E8D74766B9}"
EndProject
Global
	GlobalSection(SolutionConfigurationPlatforms) = preSolution
		Debug|ARM = Debug|ARM
		Debug|ARM64 = Debug|ARM64
		Debug|x64 = Debug|x64
		Debug|x86 = Debug|x86
		Release|ARM = Release|ARM
		Release|ARM64 = Release|ARM64
		Release|x64 = Release|x64
		Release|x86 = Release|x86
	EndGlobalSection
	GlobalSection(ProjectConfigurationPlatforms) = postSolution
		{E7E1AB15-1A4F-4BC6-8241-6B4800AFFF60}.Debug|ARM.ActiveCfg = Debug|Win32
		{E7E1AB15-1A4F-4BC6-8241-6B4800AFFF60}.Debug|ARM64.ActiveCfg = Debug|Win32
		{E7E1AB15-1A4F-4BC6-8241-6B4800AFFF60}.Debug|x64.ActiveCfg = Debug|x64
		{E7E1AB15-1A4F-4BC6-8241-6B4800AFFF60}.Debug|x64.Build.0 = Debug|x64
		{E7E1AB15-1A4F-4BC6-8241-6B4800AFFF60}.Debug|x86.ActiveCfg = Debug|Win32
		{E7E1AB15-1A4F-4BC6-8241-6B4800AFFF60}.Debug|x86.Build.0 = Debug|Win32
		{E7E1AB15-1A4F-4BC6-8241-6B4800AFFF60}.Release|ARM.ActiveCfg = Release|Win32
		{E7E1AB15-1A4F-4BC6-8241-6B4800AFFF60}.Release|ARM64.ActiveCfg = Release|Win32
		{E7E1AB15-1A4F-4BC6-8241-6B4800AFFF60}.Release|x64.ActiveCfg = Release|x64
		{E7E1AB15-1A4F-4BC6-8241-6B4800AFFF60}.Release|x64.Build.0 = Release|x64
		{E7E1AB15-1A4F-4BC6-8241-6B4800AFFF60}.Release|x86.ActiveCfg = Release|Win32
		{E7E1AB15-1A4F-4BC6-8241-6B4800AFFF60}.Release|x86.Build.0 = Release|Win32
		{C4FFD118-F573-4230-9A55-7280091D32AE}.Debug|ARM.ActiveCfg = Debug|Win32
		{C4FFD118-F573-4230-9A55-7280091D32AE}.Debug|ARM64.ActiveCfg = Debug|Win32
		{C4FFD118-F573-4230-9A55-7280091D32AE}.Debug|x64.ActiveCfg = Debug|x64
		{C4FFD118-F573-4230-9A55-7280091D32AE}.Debug|x64.Build.0 = Debug|x64
		{C4FFD118-F573-4230-9A55-7280091D32AE}.Debug|x86.ActiveCfg = Debug|Win32
		{C4FFD118-F573-4230-9A55-7280091D32AE}.Debug|x86.Build.0 = Debug|Win32
		{C4FFD118-F573-4230-9A55-7280091D32AE}.Release|ARM.ActiveCfg = Release|Win32
		{C4FFD118-F573-4230-9A55-7280091D32AE}.Release|ARM64.ActiveCfg = Release|Win32
		{C4FFD118-F573-4230-9A55-7280091D32AE}.Release|x64.ActiveCfg = Release|x64
		{C4FFD118-F573-4230-9A55-7280091D32AE}.Release|x64.Build.0 = Release|x64
		{C4FFD118-F573-4230-9A55-7280091D32AE}.Release|x86.ActiveCfg = Release|Win32
		{C4FFD118-F573-4230-9A55-7280091D32AE}.Release|x86.Build.0 = Release|Win32
		{2CC38C65-8D2D-4989-93C4-22E8D74766B9}.Debug|ARM.ActiveCfg = Debug|ARM
		{2CC38C65-8D2D-4989-93C4-22E8D74766B9}.Debug|ARM.Build.0 = Debug|ARM
		{2CC38C65-8D2D-4989-93C4-22E8D74766B9}.Debug|ARM64.ActiveCfg = Debug|ARM64
		{2CC38C65-8D2D-4989-93C4-22E8D74766B9}.Debug|ARM64.Build.0 = Debug|ARM64
		{2CC38C65-8D2D-4989-93C4-22E8D74766B9}.Debug|x64.ActiveCfg = Debug|x64
		{2CC38C65-8D2D-4989-93C4-22E8D74766B9}.Debug|x64.Build.0 = Debug|x64
		{2CC38C65-8D2D-4989-93C4-22E8D74766B9}.Debug|x86.ActiveCfg = Debug|Win32
		{2CC38C65-8D2D-4989-93C4-22E8D74766B9}.Debug|x86.Build.0 = Debug|Win32
		{2CC38C65-8D2D-4989-93C4-22E8D74766B9}.Debug|x86.Deploy.0 = Debug|Win32
		{2CC38C65-8D2D-4989-93C4-22E8D74766B9}.Release|ARM.ActiveCfg = Release|ARM
		{2CC38C65-8D2D-4989-93C4-22E8D74766B9}.Release|ARM.Build.0 = Release|ARM
		{2CC38C65-8D2D-4989-93C4-22E8D74766B9}.Release|ARM64.ActiveCfg = Release|ARM64
		{2CC38C65-8D2D-4989-93C4-22E8D74766B9}.Release|ARM64.Build.0 = Release|ARM64
		{2CC38C65-8D2D-4989-93C4-22E8D74766B9}.Release|x64.ActiveCfg = Release|x64
		{2CC38C65-8D2D-4989-93C4-22E8D74766B9}.Release|x64.Build.0 = Release|x64
		{2CC38C65-8D2D-4989-93C4-22E8D74766B9}.Release|x86.ActiveCfg = Release|Win32
		{2CC38C65-8D2D-4989-93C4-22E8D74766B9}.Release|x86.Build.0 = Release|Win32
		{2CC38C65-8D2D-4989-93C4-22E8D74766B9}.Release|x86.Deploy.0 = Release|Win32
	EndGlobalSection
	GlobalSection(SolutionProperties) = preSolution
		HideSolutionNode = FALSE
	EndGlobalSection
EndGlobal
